Microsoft Visual Studio Solution File, Format Version 12.00
# Visual Studio Version 17
VisualStudioVersion = 17.5.2.0
MinimumVisualStudioVersion = 10.0.40219.1
Project("{FAE04EC0-301F-11D3-BF4B-00C04F79EFBC}") = "BannedNameGenerator", "BannedNameGenerator\BannedNameGenerator.csproj", "{8E406A84-9C42-AE58-E726-DF1A03E838CE}"
EndProject
Global
	GlobalSection(SolutionConfigurationPlatforms) = preSolution
		Debug|Any CPU = Debug|Any CPU
		Release|Any CPU = Release|Any CPU
	EndGlobalSection
	GlobalSection(ProjectConfigurationPlatforms) = postSolution
		{8E406A84-9C42-AE58-E726-DF1A03E838CE}.Debug|Any CPU.ActiveCfg = Debug|Any CPU
		{8E406A84-9C42-AE58-E726-DF1A03E838CE}.Debug|Any CPU.Build.0 = Debug|Any CPU
		{8E406A84-9C42-AE58-E726-DF1A03E838CE}.Release|Any CPU.ActiveCfg = Release|Any CPU
		{8E406A84-9C42-AE58-E726-DF1A03E838CE}.Release|Any CPU.Build.0 = Release|Any CPU
	EndGlobalSection
	GlobalSection(SolutionProperties) = preSolution
		HideSolutionNode = FALSE
	EndGlobalSection
	GlobalSection(ExtensibilityGlobals) = postSolution
		SolutionGuid = {0CB8DDC0-1F00-4969-B64A-18B23D2427A3}
	EndGlobalSection
EndGlobal
